// !$*UTF8*$!
{
	archiveVersion = 1;
	classes = {
	};
	objectVersion = 77;
	objects = {

/* Begin PBXBuildFile section */
		BC046F872D2D9401004E19A5 /* MFRemotes in Frameworks */ = {isa = PBXBuildFile; productRef = BC046F862D2D9401004E19A5 /* MFRemotes */; };
		BC5790142D3429370000B9A9 /* MFSCNExtensions in Frameworks */ = {isa = PBXBuildFile; productRef = BC5790132D3429370000B9A9 /* MFSCNExtensions */; };
		BC5790172D3429640000B9A9 /* MFRemotes in Frameworks */ = {isa = PBXBuildFile; productRef = BC5790162D3429640000B9A9 /* MFRemotes */; };
		BC6CEAAB2D39530100463D24 /* MFRemotes in Frameworks */ = {isa = PBXBuildFile; productRef = BC6CEAAA2D39530100463D24 /* MFRemotes */; };
		BC6CEB8E2D3960AF00463D24 /* MFRemotes in Frameworks */ = {isa = PBXBuildFile; productRef = BC6CEB8D2D3960AF00463D24 /* MFRemotes */; };
		BC7A93D52D3739BD00B032B8 /* MFRemotes in Frameworks */ = {isa = PBXBuildFile; productRef = BC7A93D42D3739BD00B032B8 /* MFRemotes */; };
		BC8346722D46999A007E7B5E /* MFRemotes in Frameworks */ = {isa = PBXBuildFile; productRef = BC8346712D46999A007E7B5E /* MFRemotes */; };
		BC8346742D46999A007E7B5E /* MFSCNExtensions in Frameworks */ = {isa = PBXBuildFile; productRef = BC8346732D46999A007E7B5E /* MFSCNExtensions */; };
		BC8346762D46999A007E7B5E /* UniColor in Frameworks */ = {isa = PBXBuildFile; productRef = BC8346752D46999A007E7B5E /* UniColor */; };
		BCBE07932D3FEBD30016D1B2 /* MFSCNExtensions in Frameworks */ = {isa = PBXBuildFile; productRef = BCBE07922D3FEBD30016D1B2 /* MFSCNExtensions */; };
		BCE1AFB42D3843F0002B147E /* MFSCNExtensions in Frameworks */ = {isa = PBXBuildFile; productRef = BCE1AFB32D3843F0002B147E /* MFSCNExtensions */; };
		BCE1B0C02D385B13002B147E /* MFGridUtils in Frameworks */ = {isa = PBXBuildFile; productRef = BCE1B0BF2D385B13002B147E /* MFGridUtils */; };
		BCE324282D2B71FC00F18620 /* MFRemotes in Frameworks */ = {isa = PBXBuildFile; productRef = BCE324272D2B71FC00F18620 /* MFRemotes */; };
		BCF518EB2D34280A009259B8 /* MFFoundation in Frameworks */ = {isa = PBXBuildFile; productRef = BCF518EA2D34280A009259B8 /* MFFoundation */; };
		BCF728CB2D426F430044F24E /* MFSCNExtensions in Frameworks */ = {isa = PBXBuildFile; productRef = BCF728CA2D426F430044F24E /* MFSCNExtensions */; };
		BCF728CE2D4271880044F24E /* MFSCNExtensions in Frameworks */ = {isa = PBXBuildFile; productRef = BCF728CD2D4271880044F24E /* MFSCNExtensions */; };
		BCF728D02D4271880044F24E /* UniColor in Frameworks */ = {isa = PBXBuildFile; productRef = BCF728CF2D4271880044F24E /* UniColor */; };
/* End PBXBuildFile section */

/* Begin PBXContainerItemProxy section */
		BC8346062D465AAF007E7B5E /* PBXContainerItemProxy */ = {
			isa = PBXContainerItemProxy;
			containerPortal = BC108DAF2D2A7BA70038BB03 /* Project object */;
			proxyType = 1;
			remoteGlobalIDString = BC8345F02D465AAD007E7B5E;
			remoteInfo = MeshLab;
		};
/* End PBXContainerItemProxy section */

/* Begin PBXFileReference section */
		BC108DBB2D2A7BAD0038BB03 /* MeshLab.app */ = {isa = PBXFileReference; explicitFileType = wrapper.application; includeInIndex = 0; path = MeshLab.app; sourceTree = BUILT_PRODUCTS_DIR; };
		BC108DCC2D2A7BAD0038BB03 /* MeshLab.app */ = {isa = PBXFileReference; explicitFileType = wrapper.application; includeInIndex = 0; path = MeshLab.app; sourceTree = BUILT_PRODUCTS_DIR; };
		BC108DDC2D2A7BAD0038BB03 /* MeshLab.app */ = {isa = PBXFileReference; explicitFileType = wrapper.application; includeInIndex = 0; path = MeshLab.app; sourceTree = BUILT_PRODUCTS_DIR; };
		BC8345F12D465AAD007E7B5E /* MeshLab visionOS.app */ = {isa = PBXFileReference; explicitFileType = wrapper.application; includeInIndex = 0; path = "MeshLab visionOS.app"; sourceTree = BUILT_PRODUCTS_DIR; };
		BC8345F42D465AAD007E7B5E /* RealityKitContent */ = {isa = PBXFileReference; lastKnownFileType = wrapper; path = RealityKitContent; sourceTree = "<group>"; };
		BC8346052D465AAF007E7B5E /* MeshLabTests.xctest */ = {isa = PBXFileReference; explicitFileType = wrapper.cfbundle; includeInIndex = 0; path = MeshLabTests.xctest; sourceTree = BUILT_PRODUCTS_DIR; };
/* End PBXFileReference section */

/* Begin PBXFileSystemSynchronizedBuildFileExceptionSet section */
		BC108DEF2D2A7BAD0038BB03 /* Exceptions for "MeshLab Shared" folder in "MeshLab iOS" target */ = {
			isa = PBXFileSystemSynchronizedBuildFileExceptionSet;
			membershipExceptions = (
				CGPolarPoint.swift,
				Coordinator.swift,
				FunctionParams.swift,
				Overlay.swift,
				Remote.swift,
				RemoteSessionButton.swift,
				Resources/Art.scnassets,
				Resources/Assets.xcassets,
				Resources/Icons/Bonjour_On.png,
				Resources/Icons/Bonjour.png,
				Resources/Icons/Camera_On.png,
				Resources/Icons/Camera.png,
				Resources/Icons/DiceIcon.png,
				Resources/Icons/GamePad_On.png,
				Resources/Icons/GamePad.png,
				Resources/Icons/Pencil_On.png,
				Resources/Icons/Pencil.png,
				Resources/Icons/RadarBackground.png,
				Resources/Icons/RadarIcon.png,
				Resources/Icons/RemoteSatelite.png,
				Resources/Icons/Wireframe_On.png,
				Resources/Icons/Wireframe.png,
				Resources/Overlay.sks,
				Resources/Textures/Icon_512.png,
				Resources/Textures/MeshTexture/MeshTexture_Diffuse.png,
				Resources/Textures/MeshTexture/MeshTexture_Metalic.png,
				Resources/Textures/moose.jpg,
				Resources/Textures/Water/water_AmbientOcclusion.jpg,
				Resources/Textures/Water/water_Diffuse.jpg,
				Resources/Textures/Water/water_Height.png,
				Resources/Textures/Water/water_Normal.jpg,
				Resources/Textures/Water/water_Roughness.jpg,
				SceneController.swift,
				"SceneController+MeshInfo.swift",
			);
			target = BC108DBA2D2A7BAD0038BB03 /* MeshLab iOS */;
		};
		BC108DF32D2A7BAD0038BB03 /* Exceptions for "MeshLab Shared" folder in "MeshLab tvOS" target */ = {
			isa = PBXFileSystemSynchronizedBuildFileExceptionSet;
			membershipExceptions = (
				CGPolarPoint.swift,
				Coordinator.swift,
				FunctionParams.swift,
				Overlay.swift,
				Remote.swift,
				RemoteSessionButton.swift,
				Resources/Art.scnassets,
				Resources/Assets.xcassets,
				Resources/Icons/Bonjour_On.png,
				Resources/Icons/Bonjour.png,
				Resources/Icons/Camera_On.png,
				Resources/Icons/Camera.png,
				Resources/Icons/DiceIcon.png,
				Resources/Icons/GamePad_On.png,
				Resources/Icons/GamePad.png,
				Resources/Icons/Pencil_On.png,
				Resources/Icons/Pencil.png,
				Resources/Icons/RadarBackground.png,
				Resources/Icons/RadarIcon.png,
				Resources/Icons/RemoteSatelite.png,
				Resources/Icons/Wireframe_On.png,
				Resources/Icons/Wireframe.png,
				Resources/Overlay.sks,
				Resources/Textures/Icon_512.png,
				Resources/Textures/MeshTexture/MeshTexture_Diffuse.png,
				Resources/Textures/MeshTexture/MeshTexture_Metalic.png,
				Resources/Textures/moose.jpg,
				Resources/Textures/Water/water_AmbientOcclusion.jpg,
				Resources/Textures/Water/water_Diffuse.jpg,
				Resources/Textures/Water/water_Height.png,
				Resources/Textures/Water/water_Normal.jpg,
				Resources/Textures/Water/water_Roughness.jpg,
				SceneController.swift,
				"SceneController+MeshInfo.swift",
			);
			target = BC108DCB2D2A7BAD0038BB03 /* MeshLab tvOS */;
		};
		BC108DF72D2A7BAD0038BB03 /* Exceptions for "MeshLab Shared" folder in "MeshLab macOS" target */ = {
			isa = PBXFileSystemSynchronizedBuildFileExceptionSet;
			membershipExceptions = (
				CGPolarPoint.swift,
				Coordinator.swift,
				FunctionParams.swift,
				Overlay.swift,
				Remote.swift,
				RemoteSessionButton.swift,
				Resources/Art.scnassets,
				Resources/Assets.xcassets,
				Resources/Icons/Bonjour_On.png,
				Resources/Icons/Bonjour.png,
				Resources/Icons/Camera_On.png,
				Resources/Icons/Camera.png,
				Resources/Icons/DiceIcon.png,
				Resources/Icons/GamePad_On.png,
				Resources/Icons/GamePad.png,
				Resources/Icons/Pencil_On.png,
				Resources/Icons/Pencil.png,
				Resources/Icons/RadarBackground.png,
				Resources/Icons/RadarIcon.png,
				Resources/Icons/RemoteSatelite.png,
				Resources/Icons/Wireframe_On.png,
				Resources/Icons/Wireframe.png,
				Resources/Overlay.sks,
				Resources/Textures/Icon_512.png,
				Resources/Textures/MeshTexture/MeshTexture_Diffuse.png,
				Resources/Textures/MeshTexture/MeshTexture_Metalic.png,
				Resources/Textures/moose.jpg,
				Resources/Textures/Water/water_AmbientOcclusion.jpg,
				Resources/Textures/Water/water_Diffuse.jpg,
				Resources/Textures/Water/water_Height.png,
				Resources/Textures/Water/water_Normal.jpg,
				Resources/Textures/Water/water_Roughness.jpg,
				SceneController.swift,
				"SceneController+MeshInfo.swift",
			);
			target = BC108DDB2D2A7BAD0038BB03 /* MeshLab macOS */;
		};
		BC1094F92D2AF4B60038BB03 /* Exceptions for "MeshLab iOS" folder in "MeshLab tvOS" target */ = {
			isa = PBXFileSystemSynchronizedBuildFileExceptionSet;
			membershipExceptions = (
				"Lidar Extensions/GridMeshViewController+Lidar.swift",
			);
			target = BC108DCB2D2A7BAD0038BB03 /* MeshLab tvOS */;
		};
		BC1094FA2D2AF4B60038BB03 /* Exceptions for "MeshLab iOS" folder in "MeshLab macOS" target */ = {
			isa = PBXFileSystemSynchronizedBuildFileExceptionSet;
			membershipExceptions = (
				"Lidar Extensions/GridMeshViewController+Lidar.swift",
			);
			target = BC108DDB2D2A7BAD0038BB03 /* MeshLab macOS */;
		};
		BC83460F2D465AAF007E7B5E /* Exceptions for "MeshLab VisionOS" folder in "MeshLab visionOS" target */ = {
			isa = PBXFileSystemSynchronizedBuildFileExceptionSet;
			membershipExceptions = (
				Info.plist,
			);
			target = BC8345F02D465AAD007E7B5E /* MeshLab visionOS */;
		};
		BC8346162D4681B6007E7B5E /* Exceptions for "MeshLab Shared" folder in "MeshLab visionOS" target */ = {
			isa = PBXFileSystemSynchronizedBuildFileExceptionSet;
			membershipExceptions = (
				CGPolarPoint.swift,
				Coordinator.swift,
				FunctionParams.swift,
				Overlay.swift,
				Remote.swift,
				RemoteSessionButton.swift,
				Resources/Art.scnassets,
				Resources/Icons/Bonjour_On.png,
				Resources/Icons/Bonjour.png,
				Resources/Icons/Camera_On.png,
				Resources/Icons/Camera.png,
				Resources/Icons/DiceIcon.png,
				Resources/Icons/GamePad_On.png,
				Resources/Icons/GamePad.png,
				Resources/Icons/Pencil_On.png,
				Resources/Icons/Pencil.png,
				Resources/Icons/RadarBackground.png,
				Resources/Icons/RadarIcon.png,
				Resources/Icons/RemoteSatelite.png,
				Resources/Icons/Wireframe_On.png,
				Resources/Icons/Wireframe.png,
				Resources/Overlay.sks,
				Resources/Textures/Icon_512.png,
				Resources/Textures/moose.jpg,
				SceneController.swift,
				"SceneController+MeshInfo.swift",
			);
			target = BC8345F02D465AAD007E7B5E /* MeshLab visionOS */;
		};
/* End PBXFileSystemSynchronizedBuildFileExceptionSet section */

/* Begin PBXFileSystemSynchronizedRootGroup section */
		BC108DB32D2A7BA70038BB03 /* MeshLab Shared */ = {
			isa = PBXFileSystemSynchronizedRootGroup;
			exceptions = (
				BC108DEF2D2A7BAD0038BB03 /* Exceptions for "MeshLab Shared" folder in "MeshLab iOS" target */,
				BC108DF32D2A7BAD0038BB03 /* Exceptions for "MeshLab Shared" folder in "MeshLab tvOS" target */,
				BC108DF72D2A7BAD0038BB03 /* Exceptions for "MeshLab Shared" folder in "MeshLab macOS" target */,
				BC8346162D4681B6007E7B5E /* Exceptions for "MeshLab Shared" folder in "MeshLab visionOS" target */,
			);
			path = "MeshLab Shared";
			sourceTree = "<group>";
		};
		BC108DBD2D2A7BAD0038BB03 /* MeshLab iOS */ = {
			isa = PBXFileSystemSynchronizedRootGroup;
			exceptions = (
				BC1094F92D2AF4B60038BB03 /* Exceptions for "MeshLab iOS" folder in "MeshLab tvOS" target */,
				BC1094FA2D2AF4B60038BB03 /* Exceptions for "MeshLab iOS" folder in "MeshLab macOS" target */,
			);
			path = "MeshLab iOS";
			sourceTree = "<group>";
		};
		BC108DCD2D2A7BAD0038BB03 /* MeshLab tvOS */ = {
			isa = PBXFileSystemSynchronizedRootGroup;
			path = "MeshLab tvOS";
			sourceTree = "<group>";
		};
		BC108DDD2D2A7BAD0038BB03 /* MeshLab macOS */ = {
			isa = PBXFileSystemSynchronizedRootGroup;
			path = "MeshLab macOS";
			sourceTree = "<group>";
		};
		BC8345F22D465AAD007E7B5E /* MeshLab VisionOS */ = {
			isa = PBXFileSystemSynchronizedRootGroup;
			exceptions = (
				BC83460F2D465AAF007E7B5E /* Exceptions for "MeshLab VisionOS" folder in "MeshLab visionOS" target */,
			);
			path = "MeshLab VisionOS";
			sourceTree = "<group>";
		};
		BC8346082D465AAF007E7B5E /* MeshLabTests */ = {
			isa = PBXFileSystemSynchronizedRootGroup;
			path = MeshLabTests;
			sourceTree = "<group>";
		};
/* End PBXFileSystemSynchronizedRootGroup section */

/* Begin PBXFrameworksBuildPhase section */
		BC108DB82D2A7BAD0038BB03 /* Frameworks */ = {
			isa = PBXFrameworksBuildPhase;
			buildActionMask = 2147483647;
			files = (
				BCF728CB2D426F430044F24E /* MFSCNExtensions in Frameworks */,
				BC6CEAAB2D39530100463D24 /* MFRemotes in Frameworks */,
			);
			runOnlyForDeploymentPostprocessing = 0;
		};
		BC108DC92D2A7BAD0038BB03 /* Frameworks */ = {
			isa = PBXFrameworksBuildPhase;
			buildActionMask = 2147483647;
			files = (
				BCF728CE2D4271880044F24E /* MFSCNExtensions in Frameworks */,
				BC6CEB8E2D3960AF00463D24 /* MFRemotes in Frameworks */,
				BCF728D02D4271880044F24E /* UniColor in Frameworks */,
			);
			runOnlyForDeploymentPostprocessing = 0;
		};
		BC108DD92D2A7BAD0038BB03 /* Frameworks */ = {
			isa = PBXFrameworksBuildPhase;
			buildActionMask = 2147483647;
			files = (
				BC5790142D3429370000B9A9 /* MFSCNExtensions in Frameworks */,
				BCE324282D2B71FC00F18620 /* MFRemotes in Frameworks */,
				BC7A93D52D3739BD00B032B8 /* MFRemotes in Frameworks */,
				BCBE07932D3FEBD30016D1B2 /* MFSCNExtensions in Frameworks */,
				BC5790172D3429640000B9A9 /* MFRemotes in Frameworks */,
				BC046F872D2D9401004E19A5 /* MFRemotes in Frameworks */,
				BCE1B0C02D385B13002B147E /* MFGridUtils in Frameworks */,
				BCF518EB2D34280A009259B8 /* MFFoundation in Frameworks */,
				BCE1AFB42D3843F0002B147E /* MFSCNExtensions in Frameworks */,
			);
			runOnlyForDeploymentPostprocessing = 0;
		};
		BC8345EE2D465AAD007E7B5E /* Frameworks */ = {
			isa = PBXFrameworksBuildPhase;
			buildActionMask = 2147483647;
			files = (
				BC8346742D46999A007E7B5E /* MFSCNExtensions in Frameworks */,
				BC8346722D46999A007E7B5E /* MFRemotes in Frameworks */,
				BC8346762D46999A007E7B5E /* UniColor in Frameworks */,
			);
			runOnlyForDeploymentPostprocessing = 0;
		};
		BC8346022D465AAF007E7B5E /* Frameworks */ = {
			isa = PBXFrameworksBuildPhase;
			buildActionMask = 2147483647;
			files = (
			);
			runOnlyForDeploymentPostprocessing = 0;
		};
/* End PBXFrameworksBuildPhase section */

/* Begin PBXGroup section */
		BC108DAE2D2A7BA70038BB03 = {
			isa = PBXGroup;
			children = (
				BC108DB32D2A7BA70038BB03 /* MeshLab Shared */,
				BC108DBD2D2A7BAD0038BB03 /* MeshLab iOS */,
				BC108DCD2D2A7BAD0038BB03 /* MeshLab tvOS */,
				BC108DDD2D2A7BAD0038BB03 /* MeshLab macOS */,
				BC8345F22D465AAD007E7B5E /* MeshLab VisionOS */,
				BC8346082D465AAF007E7B5E /* MeshLabTests */,
				BC8345F32D465AAD007E7B5E /* Packages */,
				BC108DBC2D2A7BAD0038BB03 /* Products */,
			);
			sourceTree = "<group>";
		};
		BC108DBC2D2A7BAD0038BB03 /* Products */ = {
			isa = PBXGroup;
			children = (
				BC108DBB2D2A7BAD0038BB03 /* MeshLab.app */,
				BC108DCC2D2A7BAD0038BB03 /* MeshLab.app */,
				BC108DDC2D2A7BAD0038BB03 /* MeshLab.app */,
				BC8345F12D465AAD007E7B5E /* MeshLab visionOS.app */,
				BC8346052D465AAF007E7B5E /* MeshLabTests.xctest */,
			);
			name = Products;
			sourceTree = "<group>";
		};
		BC8345F32D465AAD007E7B5E /* Packages */ = {
			isa = PBXGroup;
			children = (
				BC8345F42D465AAD007E7B5E /* RealityKitContent */,
			);
			path = Packages;
			sourceTree = "<group>";
		};
/* End PBXGroup section */

/* Begin PBXNativeTarget section */
		BC108DBA2D2A7BAD0038BB03 /* MeshLab iOS */ = {
			isa = PBXNativeTarget;
			buildConfigurationList = BC108DF02D2A7BAD0038BB03 /* Build configuration list for PBXNativeTarget "MeshLab iOS" */;
			buildPhases = (
				BC108DB72D2A7BAD0038BB03 /* Sources */,
				BC108DB82D2A7BAD0038BB03 /* Frameworks */,
				BC108DB92D2A7BAD0038BB03 /* Resources */,
			);
			buildRules = (
			);
			dependencies = (
			);
			fileSystemSynchronizedGroups = (
				BC108DBD2D2A7BAD0038BB03 /* MeshLab iOS */,
			);
			name = "MeshLab iOS";
			packageProductDependencies = (
				BC6CEAAA2D39530100463D24 /* MFRemotes */,
				BCF728CA2D426F430044F24E /* MFSCNExtensions */,
			);
			productName = "MeshLab iOS";
			productReference = BC108DBB2D2A7BAD0038BB03 /* MeshLab.app */;
			productType = "com.apple.product-type.application";
		};
		BC108DCB2D2A7BAD0038BB03 /* MeshLab tvOS */ = {
			isa = PBXNativeTarget;
			buildConfigurationList = BC108DF42D2A7BAD0038BB03 /* Build configuration list for PBXNativeTarget "MeshLab tvOS" */;
			buildPhases = (
				BC108DC82D2A7BAD0038BB03 /* Sources */,
				BC108DC92D2A7BAD0038BB03 /* Frameworks */,
				BC108DCA2D2A7BAD0038BB03 /* Resources */,
			);
			buildRules = (
			);
			dependencies = (
			);
			fileSystemSynchronizedGroups = (
				BC108DCD2D2A7BAD0038BB03 /* MeshLab tvOS */,
			);
			name = "MeshLab tvOS";
			packageProductDependencies = (
				BC6CEB8D2D3960AF00463D24 /* MFRemotes */,
				BCF728CD2D4271880044F24E /* MFSCNExtensions */,
				BCF728CF2D4271880044F24E /* UniColor */,
			);
			productName = "MeshLab tvOS";
			productReference = BC108DCC2D2A7BAD0038BB03 /* MeshLab.app */;
			productType = "com.apple.product-type.application";
		};
		BC108DDB2D2A7BAD0038BB03 /* MeshLab macOS */ = {
			isa = PBXNativeTarget;
			buildConfigurationList = BC108DF82D2A7BAD0038BB03 /* Build configuration list for PBXNativeTarget "MeshLab macOS" */;
			buildPhases = (
				BC108DD82D2A7BAD0038BB03 /* Sources */,
				BC108DD92D2A7BAD0038BB03 /* Frameworks */,
				BC108DDA2D2A7BAD0038BB03 /* Resources */,
			);
			buildRules = (
			);
			dependencies = (
			);
			fileSystemSynchronizedGroups = (
				BC108DDD2D2A7BAD0038BB03 /* MeshLab macOS */,
			);
			name = "MeshLab macOS";
			packageProductDependencies = (
				BCE324272D2B71FC00F18620 /* MFRemotes */,
				BC046F862D2D9401004E19A5 /* MFRemotes */,
				BCF518EA2D34280A009259B8 /* MFFoundation */,
				BC5790132D3429370000B9A9 /* MFSCNExtensions */,
				BC5790162D3429640000B9A9 /* MFRemotes */,
				BC7A93D42D3739BD00B032B8 /* MFRemotes */,
				BCE1AFB32D3843F0002B147E /* MFSCNExtensions */,
				BCE1B0BF2D385B13002B147E /* MFGridUtils */,
				BCBE07922D3FEBD30016D1B2 /* MFSCNExtensions */,
			);
			productName = "MeshLab macOS";
			productReference = BC108DDC2D2A7BAD0038BB03 /* MeshLab.app */;
			productType = "com.apple.product-type.application";
		};
		BC8345F02D465AAD007E7B5E /* MeshLab visionOS */ = {
			isa = PBXNativeTarget;
			buildConfigurationList = BC8346102D465AAF007E7B5E /* Build configuration list for PBXNativeTarget "MeshLab visionOS" */;
			buildPhases = (
				BC8345ED2D465AAD007E7B5E /* Sources */,
				BC8345EE2D465AAD007E7B5E /* Frameworks */,
				BC8345EF2D465AAD007E7B5E /* Resources */,
			);
			buildRules = (
			);
			dependencies = (
			);
			fileSystemSynchronizedGroups = (
				BC8345F22D465AAD007E7B5E /* MeshLab VisionOS */,
			);
			name = "MeshLab visionOS";
			packageProductDependencies = (
				BC8346712D46999A007E7B5E /* MFRemotes */,
				BC8346732D46999A007E7B5E /* MFSCNExtensions */,
				BC8346752D46999A007E7B5E /* UniColor */,
			);
			productName = MeshLab;
			productReference = BC8345F12D465AAD007E7B5E /* MeshLab visionOS.app */;
			productType = "com.apple.product-type.application";
		};
		BC8346042D465AAF007E7B5E /* MeshLabTests */ = {
			isa = PBXNativeTarget;
			buildConfigurationList = BC8346112D465AAF007E7B5E /* Build configuration list for PBXNativeTarget "MeshLabTests" */;
			buildPhases = (
				BC8346012D465AAF007E7B5E /* Sources */,
				BC8346022D465AAF007E7B5E /* Frameworks */,
				BC8346032D465AAF007E7B5E /* Resources */,
			);
			buildRules = (
			);
			dependencies = (
				BC8346072D465AAF007E7B5E /* PBXTargetDependency */,
			);
			fileSystemSynchronizedGroups = (
				BC8346082D465AAF007E7B5E /* MeshLabTests */,
			);
			name = MeshLabTests;
			packageProductDependencies = (
			);
			productName = MeshLabTests;
			productReference = BC8346052D465AAF007E7B5E /* MeshLabTests.xctest */;
			productType = "com.apple.product-type.bundle.unit-test";
		};
/* End PBXNativeTarget section */

/* Begin PBXProject section */
		BC108DAF2D2A7BA70038BB03 /* Project object */ = {
			isa = PBXProject;
			attributes = {
				BuildIndependentTargetsInParallel = 1;
				LastSwiftUpdateCheck = 1600;
				LastUpgradeCheck = 1600;
				TargetAttributes = {
					BC108DBA2D2A7BAD0038BB03 = {
						CreatedOnToolsVersion = 16.0;
					};
					BC108DCB2D2A7BAD0038BB03 = {
						CreatedOnToolsVersion = 16.0;
					};
					BC108DDB2D2A7BAD0038BB03 = {
						CreatedOnToolsVersion = 16.0;
					};
					BC8345F02D465AAD007E7B5E = {
						CreatedOnToolsVersion = 16.0;
					};
					BC8346042D465AAF007E7B5E = {
						CreatedOnToolsVersion = 16.0;
						TestTargetID = BC8345F02D465AAD007E7B5E;
					};
				};
			};
			buildConfigurationList = BC108DB22D2A7BA70038BB03 /* Build configuration list for PBXProject "MeshLab" */;
			developmentRegion = en;
			hasScannedForEncodings = 0;
			knownRegions = (
				en,
				Base,
			);
			mainGroup = BC108DAE2D2A7BA70038BB03;
			minimizedProjectReferenceProxies = 1;
			packageReferences = (
				BC7A93D32D3739BD00B032B8 /* XCRemoteSwiftPackageReference "MFRemotes" */,
				BCBE07912D3FEBD30016D1B2 /* XCRemoteSwiftPackageReference "MFSCNExtensions" */,
				BCF728CC2D4271070044F24E /* XCLocalSwiftPackageReference "../../mftoolkit/UniColor" */,
			);
			preferredProjectObjectVersion = 77;
			productRefGroup = BC108DBC2D2A7BAD0038BB03 /* Products */;
			projectDirPath = "";
			projectRoot = "";
			targets = (
				BC108DBA2D2A7BAD0038BB03 /* MeshLab iOS */,
				BC108DCB2D2A7BAD0038BB03 /* MeshLab tvOS */,
				BC108DDB2D2A7BAD0038BB03 /* MeshLab macOS */,
				BC8345F02D465AAD007E7B5E /* MeshLab visionOS */,
				BC8346042D465AAF007E7B5E /* MeshLabTests */,
			);
		};
/* End PBXProject section */

/* Begin PBXResourcesBuildPhase section */
		BC108DB92D2A7BAD0038BB03 /* Resources */ = {
			isa = PBXResourcesBuildPhase;
			buildActionMask = 2147483647;
			files = (
			);
			runOnlyForDeploymentPostprocessing = 0;
		};
		BC108DCA2D2A7BAD0038BB03 /* Resources */ = {
			isa = PBXResourcesBuildPhase;
			buildActionMask = 2147483647;
			files = (
			);
			runOnlyForDeploymentPostprocessing = 0;
		};
		BC108DDA2D2A7BAD0038BB03 /* Resources */ = {
			isa = PBXResourcesBuildPhase;
			buildActionMask = 2147483647;
			files = (
			);
			runOnlyForDeploymentPostprocessing = 0;
		};
		BC8345EF2D465AAD007E7B5E /* Resources */ = {
			isa = PBXResourcesBuildPhase;
			buildActionMask = 2147483647;
			files = (
			);
			runOnlyForDeploymentPostprocessing = 0;
		};
		BC8346032D465AAF007E7B5E /* Resources */ = {
			isa = PBXResourcesBuildPhase;
			buildActionMask = 2147483647;
			files = (
			);
			runOnlyForDeploymentPostprocessing = 0;
		};
/* End PBXResourcesBuildPhase section */

/* Begin PBXSourcesBuildPhase section */
		BC108DB72D2A7BAD0038BB03 /* Sources */ = {
			isa = PBXSourcesBuildPhase;
			buildActionMask = 2147483647;
			files = (
			);
			runOnlyForDeploymentPostprocessing = 0;
		};
		BC108DC82D2A7BAD0038BB03 /* Sources */ = {
			isa = PBXSourcesBuildPhase;
			buildActionMask = 2147483647;
			files = (
			);
			runOnlyForDeploymentPostprocessing = 0;
		};
		BC108DD82D2A7BAD0038BB03 /* Sources */ = {
			isa = PBXSourcesBuildPhase;
			buildActionMask = 2147483647;
			files = (
			);
			runOnlyForDeploymentPostprocessing = 0;
		};
		BC8345ED2D465AAD007E7B5E /* Sources */ = {
			isa = PBXSourcesBuildPhase;
			buildActionMask = 2147483647;
			files = (
			);
			runOnlyForDeploymentPostprocessing = 0;
		};
		BC8346012D465AAF007E7B5E /* Sources */ = {
			isa = PBXSourcesBuildPhase;
			buildActionMask = 2147483647;
			files = (
			);
			runOnlyForDeploymentPostprocessing = 0;
		};
/* End PBXSourcesBuildPhase section */

/* Begin PBXTargetDependency section */
		BC8346072D465AAF007E7B5E /* PBXTargetDependency */ = {
			isa = PBXTargetDependency;
			target = BC8345F02D465AAD007E7B5E /* MeshLab visionOS */;
			targetProxy = BC8346062D465AAF007E7B5E /* PBXContainerItemProxy */;
		};
/* End PBXTargetDependency section */

/* Begin XCBuildConfiguration section */
		BC108DF12D2A7BAD0038BB03 /* Debug */ = {
			isa = XCBuildConfiguration;
			buildSettings = {
				ASSETCATALOG_COMPILER_APPICON_NAME = AppIcon;
				ASSETCATALOG_COMPILER_GLOBAL_ACCENT_COLOR_NAME = AccentColor;
				CODE_SIGN_STYLE = Automatic;
				CURRENT_PROJECT_VERSION = 1;
				DEVELOPMENT_TEAM = VMXFN634RR;
				GENERATE_INFOPLIST_FILE = YES;
				INFOPLIST_FILE = "MeshLab-iOS-Info.plist";
				INFOPLIST_KEY_NSCameraUsageDescription = "";
				INFOPLIST_KEY_UIApplicationSupportsIndirectInputEvents = YES;
				INFOPLIST_KEY_UILaunchStoryboardName = LaunchScreen;
				INFOPLIST_KEY_UIMainStoryboardFile = Main;
				INFOPLIST_KEY_UIStatusBarHidden = YES;
				INFOPLIST_KEY_UISupportedInterfaceOrientations_iPad = "UIInterfaceOrientationPortrait UIInterfaceOrientationPortraitUpsideDown UIInterfaceOrientationLandscapeLeft UIInterfaceOrientationLandscapeRight";
				INFOPLIST_KEY_UISupportedInterfaceOrientations_iPhone = "UIInterfaceOrientationPortrait UIInterfaceOrientationLandscapeLeft UIInterfaceOrientationLandscapeRight";
				IPHONEOS_DEPLOYMENT_TARGET = 17.5.1;
				LD_RUNPATH_SEARCH_PATHS = (
					"$(inherited)",
					"@executable_path/Frameworks",
				);
				MARKETING_VERSION = 1.0;
				PRODUCT_BUNDLE_IDENTIFIER = com.moosefactory.MeshLab;
				PRODUCT_NAME = MeshLab;
				SDKROOT = iphoneos;
				SWIFT_EMIT_LOC_STRINGS = YES;
				SWIFT_VERSION = 5.0;
				TARGETED_DEVICE_FAMILY = "1,2";
			};
			name = Debug;
		};
		BC108DF22D2A7BAD0038BB03 /* Release */ = {
			isa = XCBuildConfiguration;
			buildSettings = {
				ASSETCATALOG_COMPILER_APPICON_NAME = AppIcon;
				ASSETCATALOG_COMPILER_GLOBAL_ACCENT_COLOR_NAME = AccentColor;
				CODE_SIGN_STYLE = Automatic;
				CURRENT_PROJECT_VERSION = 1;
				DEVELOPMENT_TEAM = VMXFN634RR;
				GENERATE_INFOPLIST_FILE = YES;
				INFOPLIST_FILE = "MeshLab-iOS-Info.plist";
				INFOPLIST_KEY_NSCameraUsageDescription = "";
				INFOPLIST_KEY_UIApplicationSupportsIndirectInputEvents = YES;
				INFOPLIST_KEY_UILaunchStoryboardName = LaunchScreen;
				INFOPLIST_KEY_UIMainStoryboardFile = Main;
				INFOPLIST_KEY_UIStatusBarHidden = YES;
				INFOPLIST_KEY_UISupportedInterfaceOrientations_iPad = "UIInterfaceOrientationPortrait UIInterfaceOrientationPortraitUpsideDown UIInterfaceOrientationLandscapeLeft UIInterfaceOrientationLandscapeRight";
				INFOPLIST_KEY_UISupportedInterfaceOrientations_iPhone = "UIInterfaceOrientationPortrait UIInterfaceOrientationLandscapeLeft UIInterfaceOrientationLandscapeRight";
				IPHONEOS_DEPLOYMENT_TARGET = 17.5.1;
				LD_RUNPATH_SEARCH_PATHS = (
					"$(inherited)",
					"@executable_path/Frameworks",
				);
				MARKETING_VERSION = 1.0;
				PRODUCT_BUNDLE_IDENTIFIER = com.moosefactory.MeshLab;
				PRODUCT_NAME = MeshLab;
				SDKROOT = iphoneos;
				SWIFT_EMIT_LOC_STRINGS = YES;
				SWIFT_VERSION = 5.0;
				TARGETED_DEVICE_FAMILY = "1,2";
				VALIDATE_PRODUCT = YES;
			};
			name = Release;
		};
		BC108DF52D2A7BAD0038BB03 /* Debug */ = {
			isa = XCBuildConfiguration;
			buildSettings = {
				ASSETCATALOG_COMPILER_APPICON_NAME = "tvOS App Icon & Top Shelf Image";
				ASSETCATALOG_COMPILER_GLOBAL_ACCENT_COLOR_NAME = AccentColor;
				CODE_SIGN_STYLE = Automatic;
				CURRENT_PROJECT_VERSION = 1;
				DEVELOPMENT_TEAM = VMXFN634RR;
				GENERATE_INFOPLIST_FILE = YES;
				INFOPLIST_KEY_UILaunchStoryboardName = LaunchScreen;
				INFOPLIST_KEY_UIMainStoryboardFile = Main;
				INFOPLIST_KEY_UIUserInterfaceStyle = Automatic;
				LD_RUNPATH_SEARCH_PATHS = (
					"$(inherited)",
					"@executable_path/Frameworks",
				);
				MARKETING_VERSION = 1.0;
				PRODUCT_BUNDLE_IDENTIFIER = com.moosefactory.MeshLab;
				PRODUCT_NAME = MeshLab;
				SDKROOT = appletvos;
				SWIFT_EMIT_LOC_STRINGS = YES;
				SWIFT_VERSION = 5.0;
				TARGETED_DEVICE_FAMILY = 3;
				TVOS_DEPLOYMENT_TARGET = 17.6;
			};
			name = Debug;
		};
		BC108DF62D2A7BAD0038BB03 /* Release */ = {
			isa = XCBuildConfiguration;
			buildSettings = {
				ASSETCATALOG_COMPILER_APPICON_NAME = "tvOS App Icon & Top Shelf Image";
				ASSETCATALOG_COMPILER_GLOBAL_ACCENT_COLOR_NAME = AccentColor;
				CODE_SIGN_STYLE = Automatic;
				CURRENT_PROJECT_VERSION = 1;
				DEVELOPMENT_TEAM = VMXFN634RR;
				GENERATE_INFOPLIST_FILE = YES;
				INFOPLIST_KEY_UILaunchStoryboardName = LaunchScreen;
				INFOPLIST_KEY_UIMainStoryboardFile = Main;
				INFOPLIST_KEY_UIUserInterfaceStyle = Automatic;
				LD_RUNPATH_SEARCH_PATHS = (
					"$(inherited)",
					"@executable_path/Frameworks",
				);
				MARKETING_VERSION = 1.0;
				PRODUCT_BUNDLE_IDENTIFIER = com.moosefactory.MeshLab;
				PRODUCT_NAME = MeshLab;
				SDKROOT = appletvos;
				SWIFT_EMIT_LOC_STRINGS = YES;
				SWIFT_VERSION = 5.0;
				TARGETED_DEVICE_FAMILY = 3;
				TVOS_DEPLOYMENT_TARGET = 17.6;
				VALIDATE_PRODUCT = YES;
			};
			name = Release;
		};
		BC108DF92D2A7BAD0038BB03 /* Debug */ = {
			isa = XCBuildConfiguration;
			buildSettings = {
				ASSETCATALOG_COMPILER_APPICON_NAME = AppIcon;
				ASSETCATALOG_COMPILER_GLOBAL_ACCENT_COLOR_NAME = AccentColor;
				CODE_SIGN_ENTITLEMENTS = "MeshLab macOS/MeshLab_macOS.entitlements";
				CODE_SIGN_STYLE = Automatic;
				COMBINE_HIDPI_IMAGES = YES;
				CURRENT_PROJECT_VERSION = 1;
				DEVELOPMENT_TEAM = VMXFN634RR;
				ENABLE_HARDENED_RUNTIME = YES;
				GENERATE_INFOPLIST_FILE = YES;
				INFOPLIST_KEY_NSHumanReadableCopyright = "";
				INFOPLIST_KEY_NSMainStoryboardFile = Main;
				INFOPLIST_KEY_NSPrincipalClass = NSApplication;
				LD_RUNPATH_SEARCH_PATHS = (
					"$(inherited)",
					"@executable_path/../Frameworks",
				);
				MACOSX_DEPLOYMENT_TARGET = 15.0;
				MARKETING_VERSION = 1.0;
				PRODUCT_BUNDLE_IDENTIFIER = com.moosefactory.MeshLab;
				PRODUCT_NAME = MeshLab;
				SDKROOT = macosx;
				SWIFT_EMIT_LOC_STRINGS = YES;
				SWIFT_VERSION = 5.0;
			};
			name = Debug;
		};
		BC108DFA2D2A7BAD0038BB03 /* Release */ = {
			isa = XCBuildConfiguration;
			buildSettings = {
				ASSETCATALOG_COMPILER_APPICON_NAME = AppIcon;
				ASSETCATALOG_COMPILER_GLOBAL_ACCENT_COLOR_NAME = AccentColor;
				CODE_SIGN_ENTITLEMENTS = "MeshLab macOS/MeshLab_macOS.entitlements";
				CODE_SIGN_STYLE = Automatic;
				COMBINE_HIDPI_IMAGES = YES;
				CURRENT_PROJECT_VERSION = 1;
				DEVELOPMENT_TEAM = VMXFN634RR;
				ENABLE_HARDENED_RUNTIME = YES;
				GENERATE_INFOPLIST_FILE = YES;
				INFOPLIST_KEY_NSHumanReadableCopyright = "";
				INFOPLIST_KEY_NSMainStoryboardFile = Main;
				INFOPLIST_KEY_NSPrincipalClass = NSApplication;
				LD_RUNPATH_SEARCH_PATHS = (
					"$(inherited)",
					"@executable_path/../Frameworks",
				);
				MACOSX_DEPLOYMENT_TARGET = 15.0;
				MARKETING_VERSION = 1.0;
				PRODUCT_BUNDLE_IDENTIFIER = com.moosefactory.MeshLab;
				PRODUCT_NAME = MeshLab;
				SDKROOT = macosx;
				SWIFT_EMIT_LOC_STRINGS = YES;
				SWIFT_VERSION = 5.0;
			};
			name = Release;
		};
		BC108DFB2D2A7BAD0038BB03 /* Debug */ = {
			isa = XCBuildConfiguration;
			buildSettings = {
				ALWAYS_SEARCH_USER_PATHS = NO;
				ASSETCATALOG_COMPILER_GENERATE_SWIFT_ASSET_SYMBOL_EXTENSIONS = YES;
				CLANG_ANALYZER_NONNULL = YES;
				CLANG_ANALYZER_NUMBER_OBJECT_CONVERSION = YES_AGGRESSIVE;
				CLANG_CXX_LANGUAGE_STANDARD = "gnu++20";
				CLANG_ENABLE_MODULES = YES;
				CLANG_ENABLE_OBJC_ARC = YES;
				CLANG_ENABLE_OBJC_WEAK = YES;
				CLANG_WARN_BLOCK_CAPTURE_AUTORELEASING = YES;
				CLANG_WARN_BOOL_CONVERSION = YES;
				CLANG_WARN_COMMA = YES;
				CLANG_WARN_CONSTANT_CONVERSION = YES;
				CLANG_WARN_DEPRECATED_OBJC_IMPLEMENTATIONS = YES;
				CLANG_WARN_DIRECT_OBJC_ISA_USAGE = YES_ERROR;
				CLANG_WARN_DOCUMENTATION_COMMENTS = YES;
				CLANG_WARN_EMPTY_BODY = YES;
				CLANG_WARN_ENUM_CONVERSION = YES;
				CLANG_WARN_INFINITE_RECURSION = YES;
				CLANG_WARN_INT_CONVERSION = YES;
				CLANG_WARN_NON_LITERAL_NULL_CONVERSION = YES;
				CLANG_WARN_OBJC_IMPLICIT_RETAIN_SELF = YES;
				CLANG_WARN_OBJC_LITERAL_CONVERSION = YES;
				CLANG_WARN_OBJC_ROOT_CLASS = YES_ERROR;
				CLANG_WARN_QUOTED_INCLUDE_IN_FRAMEWORK_HEADER = YES;
				CLANG_WARN_RANGE_LOOP_ANALYSIS = YES;
				CLANG_WARN_STRICT_PROTOTYPES = YES;
				CLANG_WARN_SUSPICIOUS_MOVE = YES;
				CLANG_WARN_UNGUARDED_AVAILABILITY = YES_AGGRESSIVE;
				CLANG_WARN_UNREACHABLE_CODE = YES;
				CLANG_WARN__DUPLICATE_METHOD_MATCH = YES;
				COPY_PHASE_STRIP = NO;
				DEBUG_INFORMATION_FORMAT = dwarf;
				ENABLE_STRICT_OBJC_MSGSEND = YES;
				ENABLE_TESTABILITY = YES;
				ENABLE_USER_SCRIPT_SANDBOXING = YES;
				GCC_C_LANGUAGE_STANDARD = gnu17;
				GCC_DYNAMIC_NO_PIC = NO;
				GCC_NO_COMMON_BLOCKS = YES;
				GCC_OPTIMIZATION_LEVEL = 0;
				GCC_PREPROCESSOR_DEFINITIONS = (
					"DEBUG=1",
					"$(inherited)",
				);
				GCC_WARN_64_TO_32_BIT_CONVERSION = YES;
				GCC_WARN_ABOUT_RETURN_TYPE = YES_ERROR;
				GCC_WARN_UNDECLARED_SELECTOR = YES;
				GCC_WARN_UNINITIALIZED_AUTOS = YES_AGGRESSIVE;
				GCC_WARN_UNUSED_FUNCTION = YES;
				GCC_WARN_UNUSED_VARIABLE = YES;
				LOCALIZATION_PREFERS_STRING_CATALOGS = YES;
				MTL_ENABLE_DEBUG_INFO = INCLUDE_SOURCE;
				MTL_FAST_MATH = YES;
				ONLY_ACTIVE_ARCH = YES;
				SWIFT_ACTIVE_COMPILATION_CONDITIONS = "DEBUG $(inherited)";
				SWIFT_OPTIMIZATION_LEVEL = "-Onone";
			};
			name = Debug;
		};
		BC108DFC2D2A7BAD0038BB03 /* Release */ = {
			isa = XCBuildConfiguration;
			buildSettings = {
				ALWAYS_SEARCH_USER_PATHS = NO;
				ASSETCATALOG_COMPILER_GENERATE_SWIFT_ASSET_SYMBOL_EXTENSIONS = YES;
				CLANG_ANALYZER_NONNULL = YES;
				CLANG_ANALYZER_NUMBER_OBJECT_CONVERSION = YES_AGGRESSIVE;
				CLANG_CXX_LANGUAGE_STANDARD = "gnu++20";
				CLANG_ENABLE_MODULES = YES;
				CLANG_ENABLE_OBJC_ARC = YES;
				CLANG_ENABLE_OBJC_WEAK = YES;
				CLANG_WARN_BLOCK_CAPTURE_AUTORELEASING = YES;
				CLANG_WARN_BOOL_CONVERSION = YES;
				CLANG_WARN_COMMA = YES;
				CLANG_WARN_CONSTANT_CONVERSION = YES;
				CLANG_WARN_DEPRECATED_OBJC_IMPLEMENTATIONS = YES;
				CLANG_WARN_DIRECT_OBJC_ISA_USAGE = YES_ERROR;
				CLANG_WARN_DOCUMENTATION_COMMENTS = YES;
				CLANG_WARN_EMPTY_BODY = YES;
				CLANG_WARN_ENUM_CONVERSION = YES;
				CLANG_WARN_INFINITE_RECURSION = YES;
				CLANG_WARN_INT_CONVERSION = YES;
				CLANG_WARN_NON_LITERAL_NULL_CONVERSION = YES;
				CLANG_WARN_OBJC_IMPLICIT_RETAIN_SELF = YES;
				CLANG_WARN_OBJC_LITERAL_CONVERSION = YES;
				CLANG_WARN_OBJC_ROOT_CLASS = YES_ERROR;
				CLANG_WARN_QUOTED_INCLUDE_IN_FRAMEWORK_HEADER = YES;
				CLANG_WARN_RANGE_LOOP_ANALYSIS = YES;
				CLANG_WARN_STRICT_PROTOTYPES = YES;
				CLANG_WARN_SUSPICIOUS_MOVE = YES;
				CLANG_WARN_UNGUARDED_AVAILABILITY = YES_AGGRESSIVE;
				CLANG_WARN_UNREACHABLE_CODE = YES;
				CLANG_WARN__DUPLICATE_METHOD_MATCH = YES;
				COPY_PHASE_STRIP = NO;
				DEBUG_INFORMATION_FORMAT = "dwarf-with-dsym";
				ENABLE_NS_ASSERTIONS = NO;
				ENABLE_STRICT_OBJC_MSGSEND = YES;
				ENABLE_USER_SCRIPT_SANDBOXING = YES;
				GCC_C_LANGUAGE_STANDARD = gnu17;
				GCC_NO_COMMON_BLOCKS = YES;
				GCC_WARN_64_TO_32_BIT_CONVERSION = YES;
				GCC_WARN_ABOUT_RETURN_TYPE = YES_ERROR;
				GCC_WARN_UNDECLARED_SELECTOR = YES;
				GCC_WARN_UNINITIALIZED_AUTOS = YES_AGGRESSIVE;
				GCC_WARN_UNUSED_FUNCTION = YES;
				GCC_WARN_UNUSED_VARIABLE = YES;
				LOCALIZATION_PREFERS_STRING_CATALOGS = YES;
				MTL_ENABLE_DEBUG_INFO = NO;
				MTL_FAST_MATH = YES;
				SWIFT_COMPILATION_MODE = wholemodule;
			};
			name = Release;
		};
		BC83460B2D465AAF007E7B5E /* Debug */ = {
			isa = XCBuildConfiguration;
			buildSettings = {
				ASSETCATALOG_COMPILER_APPICON_NAME = AppIcon;
				ASSETCATALOG_COMPILER_GLOBAL_ACCENT_COLOR_NAME = AccentColor;
				CODE_SIGN_STYLE = Automatic;
				CURRENT_PROJECT_VERSION = 1;
				DEVELOPMENT_ASSET_PATHS = "\"MeshLab VisionOS/Preview Content\"";
				DEVELOPMENT_TEAM = VMXFN634RR;
				ENABLE_PREVIEWS = YES;
				GENERATE_INFOPLIST_FILE = YES;
				INFOPLIST_FILE = "$(TARGET_NAME)/Info.plist";
				LD_RUNPATH_SEARCH_PATHS = (
					"$(inherited)",
					"@executable_path/Frameworks",
				);
				MARKETING_VERSION = 1.0;
				PRODUCT_BUNDLE_IDENTIFIER = fr.moosefactory.eu.MeshLab;
				PRODUCT_NAME = "$(TARGET_NAME)";
				SDKROOT = xros;
				SUPPORTED_PLATFORMS = "xros xrsimulator";
				SWIFT_EMIT_LOC_STRINGS = YES;
				SWIFT_VERSION = 5.0;
				TARGETED_DEVICE_FAMILY = 7;
				XROS_DEPLOYMENT_TARGET = 2.0;
			};
			name = Debug;
		};
		BC83460C2D465AAF007E7B5E /* Release */ = {
			isa = XCBuildConfiguration;
			buildSettings = {
				ASSETCATALOG_COMPILER_APPICON_NAME = AppIcon;
				ASSETCATALOG_COMPILER_GLOBAL_ACCENT_COLOR_NAME = AccentColor;
				CODE_SIGN_STYLE = Automatic;
				CURRENT_PROJECT_VERSION = 1;
				DEVELOPMENT_ASSET_PATHS = "\"MeshLab VisionOS/Preview Content\"";
				DEVELOPMENT_TEAM = VMXFN634RR;
				ENABLE_PREVIEWS = YES;
				GENERATE_INFOPLIST_FILE = YES;
				INFOPLIST_FILE = "$(TARGET_NAME)/Info.plist";
				LD_RUNPATH_SEARCH_PATHS = (
					"$(inherited)",
					"@executable_path/Frameworks",
				);
				MARKETING_VERSION = 1.0;
				PRODUCT_BUNDLE_IDENTIFIER = fr.moosefactory.eu.MeshLab;
				PRODUCT_NAME = "$(TARGET_NAME)";
				SDKROOT = xros;
				SUPPORTED_PLATFORMS = "xros xrsimulator";
				SWIFT_EMIT_LOC_STRINGS = YES;
				SWIFT_VERSION = 5.0;
				TARGETED_DEVICE_FAMILY = 7;
				VALIDATE_PRODUCT = YES;
				XROS_DEPLOYMENT_TARGET = 2.0;
			};
			name = Release;
		};
		BC83460D2D465AAF007E7B5E /* Debug */ = {
			isa = XCBuildConfiguration;
			buildSettings = {
				BUNDLE_LOADER = "$(TEST_HOST)";
				CODE_SIGN_STYLE = Automatic;
				CURRENT_PROJECT_VERSION = 1;
				DEVELOPMENT_TEAM = VMXFN634RR;
				GENERATE_INFOPLIST_FILE = YES;
				MARKETING_VERSION = 1.0;
				PRODUCT_BUNDLE_IDENTIFIER = fr.moosefactory.eu.MeshLabTests;
				PRODUCT_NAME = "$(TARGET_NAME)";
				SDKROOT = xros;
				SUPPORTED_PLATFORMS = "xros xrsimulator";
				SWIFT_EMIT_LOC_STRINGS = NO;
				SWIFT_VERSION = 5.0;
				TARGETED_DEVICE_FAMILY = 7;
				TEST_HOST = "$(BUILT_PRODUCTS_DIR)/MeshLab.app/$(BUNDLE_EXECUTABLE_FOLDER_PATH)/MeshLab";
				XROS_DEPLOYMENT_TARGET = 2.0;
			};
			name = Debug;
		};
		BC83460E2D465AAF007E7B5E /* Release */ = {
			isa = XCBuildConfiguration;
			buildSettings = {
				BUNDLE_LOADER = "$(TEST_HOST)";
				CODE_SIGN_STYLE = Automatic;
				CURRENT_PROJECT_VERSION = 1;
				DEVELOPMENT_TEAM = VMXFN634RR;
				GENERATE_INFOPLIST_FILE = YES;
				MARKETING_VERSION = 1.0;
				PRODUCT_BUNDLE_IDENTIFIER = fr.moosefactory.eu.MeshLabTests;
				PRODUCT_NAME = "$(TARGET_NAME)";
				SDKROOT = xros;
				SUPPORTED_PLATFORMS = "xros xrsimulator";
				SWIFT_EMIT_LOC_STRINGS = NO;
				SWIFT_VERSION = 5.0;
				TARGETED_DEVICE_FAMILY = 7;
				TEST_HOST = "$(BUILT_PRODUCTS_DIR)/MeshLab.app/$(BUNDLE_EXECUTABLE_FOLDER_PATH)/MeshLab";
				VALIDATE_PRODUCT = YES;
				XROS_DEPLOYMENT_TARGET = 2.0;
			};
			name = Release;
		};
/* End XCBuildConfiguration section */

/* Begin XCConfigurationList section */
		BC108DB22D2A7BA70038BB03 /* Build configuration list for PBXProject "MeshLab" */ = {
			isa = XCConfigurationList;
			buildConfigurations = (
				BC108DFB2D2A7BAD0038BB03 /* Debug */,
				BC108DFC2D2A7BAD0038BB03 /* Release */,
			);
			defaultConfigurationIsVisible = 0;
			defaultConfigurationName = Release;
		};
		BC108DF02D2A7BAD0038BB03 /* Build configuration list for PBXNativeTarget "MeshLab iOS" */ = {
			isa = XCConfigurationList;
			buildConfigurations = (
				BC108DF12D2A7BAD0038BB03 /* Debug */,
				BC108DF22D2A7BAD0038BB03 /* Release */,
			);
			defaultConfigurationIsVisible = 0;
			defaultConfigurationName = Release;
		};
		BC108DF42D2A7BAD0038BB03 /* Build configuration list for PBXNativeTarget "MeshLab tvOS" */ = {
			isa = XCConfigurationList;
			buildConfigurations = (
				BC108DF52D2A7BAD0038BB03 /* Debug */,
				BC108DF62D2A7BAD0038BB03 /* Release */,
			);
			defaultConfigurationIsVisible = 0;
			defaultConfigurationName = Release;
		};
		BC108DF82D2A7BAD0038BB03 /* Build configuration list for PBXNativeTarget "MeshLab macOS" */ = {
			isa = XCConfigurationList;
			buildConfigurations = (
				BC108DF92D2A7BAD0038BB03 /* Debug */,
				BC108DFA2D2A7BAD0038BB03 /* Release */,
			);
			defaultConfigurationIsVisible = 0;
			defaultConfigurationName = Release;
		};
		BC8346102D465AAF007E7B5E /* Build configuration list for PBXNativeTarget "MeshLab visionOS" */ = {
			isa = XCConfigurationList;
			buildConfigurations = (
				BC83460B2D465AAF007E7B5E /* Debug */,
				BC83460C2D465AAF007E7B5E /* Release */,
			);
			defaultConfigurationIsVisible = 0;
			defaultConfigurationName = Release;
		};
		BC8346112D465AAF007E7B5E /* Build configuration list for PBXNativeTarget "MeshLabTests" */ = {
			isa = XCConfigurationList;
			buildConfigurations = (
				BC83460D2D465AAF007E7B5E /* Debug */,
				BC83460E2D465AAF007E7B5E /* Release */,
			);
			defaultConfigurationIsVisible = 0;
			defaultConfigurationName = Release;
		};
/* End XCConfigurationList section */

/* Begin XCLocalSwiftPackageReference section */
		BCF728CC2D4271070044F24E /* XCLocalSwiftPackageReference "../../mftoolkit/UniColor" */ = {
			isa = XCLocalSwiftPackageReference;
			relativePath = ../../mftoolkit/UniColor;
		};
/* End XCLocalSwiftPackageReference section */

/* Begin XCRemoteSwiftPackageReference section */
		BC7A93D32D3739BD00B032B8 /* XCRemoteSwiftPackageReference "MFRemotes" */ = {
			isa = XCRemoteSwiftPackageReference;
			repositoryURL = "https://github.com/moosefactory/MFRemotes.git";
			requirement = {
				kind = upToNextMajorVersion;
				minimumVersion = 1.0.0;
			};
		};
		BCBE07912D3FEBD30016D1B2 /* XCRemoteSwiftPackageReference "MFSCNExtensions" */ = {
			isa = XCRemoteSwiftPackageReference;
			repositoryURL = "https://github.com/moosefactory/MFSCNExtensions.git";
			requirement = {
				kind = upToNextMajorVersion;
				minimumVersion = 1.0.3;
			};
		};
/* End XCRemoteSwiftPackageReference section */

/* Begin XCSwiftPackageProductDependency section */
		BC046F862D2D9401004E19A5 /* MFRemotes */ = {
			isa = XCSwiftPackageProductDependency;
			productName = MFRemotes;
		};
		BC5790132D3429370000B9A9 /* MFSCNExtensions */ = {
			isa = XCSwiftPackageProductDependency;
			productName = MFSCNExtensions;
		};
		BC5790162D3429640000B9A9 /* MFRemotes */ = {
			isa = XCSwiftPackageProductDependency;
			productName = MFRemotes;
		};
		BC6CEAAA2D39530100463D24 /* MFRemotes */ = {
			isa = XCSwiftPackageProductDependency;
			package = BC7A93D32D3739BD00B032B8 /* XCRemoteSwiftPackageReference "MFRemotes" */;
			productName = MFRemotes;
		};
		BC6CEB8D2D3960AF00463D24 /* MFRemotes */ = {
			isa = XCSwiftPackageProductDependency;
			package = BC7A93D32D3739BD00B032B8 /* XCRemoteSwiftPackageReference "MFRemotes" */;
			productName = MFRemotes;
		};
		BC7A93D42D3739BD00B032B8 /* MFRemotes */ = {
			isa = XCSwiftPackageProductDependency;
			package = BC7A93D32D3739BD00B032B8 /* XCRemoteSwiftPackageReference "MFRemotes" */;
			productName = MFRemotes;
		};
		BC8346712D46999A007E7B5E /* MFRemotes */ = {
			isa = XCSwiftPackageProductDependency;
			package = BC7A93D32D3739BD00B032B8 /* XCRemoteSwiftPackageReference "MFRemotes" */;
			productName = MFRemotes;
		};
		BC8346732D46999A007E7B5E /* MFSCNExtensions */ = {
			isa = XCSwiftPackageProductDependency;
			package = BCBE07912D3FEBD30016D1B2 /* XCRemoteSwiftPackageReference "MFSCNExtensions" */;
			productName = MFSCNExtensions;
		};
		BC8346752D46999A007E7B5E /* UniColor */ = {
			isa = XCSwiftPackageProductDependency;
			package = BCF728CC2D4271070044F24E /* XCLocalSwiftPackageReference "../../mftoolkit/UniColor" */;
			productName = UniColor;
		};
		BCBE07922D3FEBD30016D1B2 /* MFSCNExtensions */ = {
			isa = XCSwiftPackageProductDependency;
			package = BCBE07912D3FEBD30016D1B2 /* XCRemoteSwiftPackageReference "MFSCNExtensions" */;
			productName = MFSCNExtensions;
		};
		BCE1AFB32D3843F0002B147E /* MFSCNExtensions */ = {
			isa = XCSwiftPackageProductDependency;
			productName = MFSCNExtensions;
		};
		BCE1B0BF2D385B13002B147E /* MFGridUtils */ = {
			isa = XCSwiftPackageProductDependency;
			productName = MFGridUtils;
		};
		BCE324272D2B71FC00F18620 /* MFRemotes */ = {
			isa = XCSwiftPackageProductDependency;
			productName = MFRemotes;
		};
		BCF518EA2D34280A009259B8 /* MFFoundation */ = {
			isa = XCSwiftPackageProductDependency;
			productName = MFFoundation;
		};
		BCF728CA2D426F430044F24E /* MFSCNExtensions */ = {
			isa = XCSwiftPackageProductDependency;
			package = BCBE07912D3FEBD30016D1B2 /* XCRemoteSwiftPackageReference "MFSCNExtensions" */;
			productName = MFSCNExtensions;
		};
		BCF728CD2D4271880044F24E /* MFSCNExtensions */ = {
			isa = XCSwiftPackageProductDependency;
			package = BCBE07912D3FEBD30016D1B2 /* XCRemoteSwiftPackageReference "MFSCNExtensions" */;
			productName = MFSCNExtensions;
		};
		BCF728CF2D4271880044F24E /* UniColor */ = {
			isa = XCSwiftPackageProductDependency;
			package = BCF728CC2D4271070044F24E /* XCLocalSwiftPackageReference "../../mftoolkit/UniColor" */;
			productName = UniColor;
		};
/* End XCSwiftPackageProductDependency section */
	};
	rootObject = BC108DAF2D2A7BA70038BB03 /* Project object */;
}
